
Microsoft Visual Studio Solution File, Format Version 12.00
# Visual Studio Version 17
VisualStudioVersion = 17.2.32505.173
MinimumVisualStudioVersion = 10.0.40219.1
Project("{FAE04EC0-301F-11D3-BF4B-00C04F79EFBC}") = "Camere.Hotel", "Camere.Hotel\Camere.Hotel.csproj", "{C447B72D-1E41-4543-9FE2-6CB29F1D38A0}"
EndProject
Global
	GlobalSection(SolutionConfigurationPlatforms) = preSolution
		Debug|Any CPU = Debug|Any CPU
		Release|Any CPU = Release|Any CPU
	EndGlobalSection
	GlobalSection(ProjectConfigurationPlatforms) = postSolution
		{C447B72D-1E41-4543-9FE2-6CB29F1D38A0}.Debug|Any CPU.ActiveCfg = Debug|Any CPU
		{C447B72D-1E41-4543-9FE2-6CB29F1D38A0}.Debug|Any CPU.Build.0 = Debug|Any CPU
		{C447B72D-1E41-4543-9FE2-6CB29F1D38A0}.Release|Any CPU.ActiveCfg = Release|Any CPU
		{C447B72D-1E41-4543-9FE2-6CB29F1D38A0}.Release|Any CPU.Build.0 = Release|Any CPU
	EndGlobalSection
	GlobalSection(SolutionProperties) = preSolution
		HideSolutionNode = FALSE
	EndGlobalSection
	GlobalSection(ExtensibilityGlobals) = postSolution
		SolutionGuid = {F3909719-DA1D-494F-B192-24DAB42E444F}
	EndGlobalSection
EndGlobal
